
Microsoft Visual Studio Solution File, Format Version 12.00
# Visual Studio Version 17
VisualStudioVersion = 17.11.35219.272
MinimumVisualStudioVersion = 10.0.40219.1
Project("{8BC9CEB8-8B4A-11D0-8D11-00A0C91BC942}") = "meet 11.10.24", "meet 11.10.24\meet 11.10.24.vcxproj", "{DD0E69E6-0BFF-487B-95B3-EB60AF683F8E}"
EndProject
Global
	GlobalSection(SolutionConfigurationPlatforms) = preSolution
		Debug|x64 = Debug|x64
		Debug|x86 = Debug|x86
		Release|x64 = Release|x64
		Release|x86 = Release|x86
	EndGlobalSection
	GlobalSection(ProjectConfigurationPlatforms) = postSolution
		{DD0E69E6-0BFF-487B-95B3-EB60AF683F8E}.Debug|x64.ActiveCfg = Debug|x64
		{DD0E69E6-0BFF-487B-95B3-EB60AF683F8E}.Debug|x64.Build.0 = Debug|x64
		{DD0E69E6-0BFF-487B-95B3-EB60AF683F8E}.Debug|x86.ActiveCfg = Debug|Win32
		{DD0E69E6-0BFF-487B-95B3-EB60AF683F8E}.Debug|x86.Build.0 = Debug|Win32
		{DD0E69E6-0BFF-487B-95B3-EB60AF683F8E}.Release|x64.ActiveCfg = Release|x64
		{DD0E69E6-0BFF-487B-95B3-EB60AF683F8E}.Release|x64.Build.0 = Release|x64
		{DD0E69E6-0BFF-487B-95B3-EB60AF683F8E}.Release|x86.ActiveCfg = Release|Win32
		{DD0E69E6-0BFF-487B-95B3-EB60AF683F8E}.Release|x86.Build.0 = Release|Win32
	EndGlobalSection
	GlobalSection(SolutionProperties) = preSolution
		HideSolutionNode = FALSE
	EndGlobalSection
	GlobalSection(ExtensibilityGlobals) = postSolution
		SolutionGuid = {7E3D3850-69F0-46BC-9A2D-EA4112AE0F3B}
	EndGlobalSection
EndGlobal
